
Microsoft Visual Studio Solution File, Format Version 12.00
# Visual Studio Version 17
VisualStudioVersion = 17.14.36203.30
MinimumVisualStudioVersion = 10.0.40219.1
Project("{FAE04EC0-301F-11D3-BF4B-00C04F79EFBC}") = "VeterinariaProyecto", "VeterinariaProyecto\VeterinariaProyecto.csproj", "{5D118ED5-A92D-22AD-BE2D-C58170A0CB85}"
EndProject
Project("{FAE04EC0-301F-11D3-BF4B-00C04F79EFBC}") = "VeterinariaFormsProyecto", "VeterinariaFormsProyecto\VeterinariaFormsProyecto.csproj", "{F35F78FA-A792-003E-6377-8FD505CACA52}"
EndProject
Global
	GlobalSection(SolutionConfigurationPlatforms) = preSolution
		Debug|Any CPU = Debug|Any CPU
		Release|Any CPU = Release|Any CPU
	EndGlobalSection
	GlobalSection(ProjectConfigurationPlatforms) = postSolution
		{5D118ED5-A92D-22AD-BE2D-C58170A0CB85}.Debug|Any CPU.ActiveCfg = Debug|Any CPU
		{5D118ED5-A92D-22AD-BE2D-C58170A0CB85}.Debug|Any CPU.Build.0 = Debug|Any CPU
		{5D118ED5-A92D-22AD-BE2D-C58170A0CB85}.Release|Any CPU.ActiveCfg = Release|Any CPU
		{5D118ED5-A92D-22AD-BE2D-C58170A0CB85}.Release|Any CPU.Build.0 = Release|Any CPU
		{F35F78FA-A792-003E-6377-8FD505CACA52}.Debug|Any CPU.ActiveCfg = Debug|Any CPU
		{F35F78FA-A792-003E-6377-8FD505CACA52}.Debug|Any CPU.Build.0 = Debug|Any CPU
		{F35F78FA-A792-003E-6377-8FD505CACA52}.Release|Any CPU.ActiveCfg = Release|Any CPU
		{F35F78FA-A792-003E-6377-8FD505CACA52}.Release|Any CPU.Build.0 = Release|Any CPU
	EndGlobalSection
	GlobalSection(SolutionProperties) = preSolution
		HideSolutionNode = FALSE
	EndGlobalSection
	GlobalSection(ExtensibilityGlobals) = postSolution
		SolutionGuid = {DECE073A-3099-459C-BD34-D346C5AA51F9}
	EndGlobalSection
EndGlobal
